
Microsoft Visual Studio Solution File, Format Version 12.00
# Visual Studio Version 16
VisualStudioVersion = 16.0.30406.217
MinimumVisualStudioVersion = 10.0.40219.1
Project("{FAE04EC0-301F-11D3-BF4B-00C04F79EFBC}") = "MVCSnake", "MVCSnake\MVCSnake.csproj", "{735FA498-BC35-4D26-A9D8-F64A350070C2}"
EndProject
Project("{FAE04EC0-301F-11D3-BF4B-00C04F79EFBC}") = "DataLibrary", "DataLibrary\DataLibrary.csproj", "{7E5018D1-1B79-4F23-B3EB-BBE32DA979CB}"
EndProject
Project("{00D1A9C2-B5F0-4AF3-8072-F6C62B433612}") = "HighscoreDB", "HighscoreDB\HighscoreDB.sqlproj", "{AF1E4502-ECEF-440D-BAAF-B5C8D66F51AA}"
EndProject
Global
	GlobalSection(SolutionConfigurationPlatforms) = preSolution
		Debug|Any CPU = Debug|Any CPU
		Release|Any CPU = Release|Any CPU
	EndGlobalSection
	GlobalSection(ProjectConfigurationPlatforms) = postSolution
		{735FA498-BC35-4D26-A9D8-F64A350070C2}.Debug|Any CPU.ActiveCfg = Debug|Any CPU
		{735FA498-BC35-4D26-A9D8-F64A350070C2}.Debug|Any CPU.Build.0 = Debug|Any CPU
		{735FA498-BC35-4D26-A9D8-F64A350070C2}.Release|Any CPU.ActiveCfg = Release|Any CPU
		{735FA498-BC35-4D26-A9D8-F64A350070C2}.Release|Any CPU.Build.0 = Release|Any CPU
		{7E5018D1-1B79-4F23-B3EB-BBE32DA979CB}.Debug|Any CPU.ActiveCfg = Debug|Any CPU
		{7E5018D1-1B79-4F23-B3EB-BBE32DA979CB}.Debug|Any CPU.Build.0 = Debug|Any CPU
		{7E5018D1-1B79-4F23-B3EB-BBE32DA979CB}.Release|Any CPU.ActiveCfg = Release|Any CPU
		{7E5018D1-1B79-4F23-B3EB-BBE32DA979CB}.Release|Any CPU.Build.0 = Release|Any CPU
		{AF1E4502-ECEF-440D-BAAF-B5C8D66F51AA}.Debug|Any CPU.ActiveCfg = Debug|Any CPU
		{AF1E4502-ECEF-440D-BAAF-B5C8D66F51AA}.Debug|Any CPU.Build.0 = Debug|Any CPU
		{AF1E4502-ECEF-440D-BAAF-B5C8D66F51AA}.Debug|Any CPU.Deploy.0 = Debug|Any CPU
		{AF1E4502-ECEF-440D-BAAF-B5C8D66F51AA}.Release|Any CPU.ActiveCfg = Release|Any CPU
		{AF1E4502-ECEF-440D-BAAF-B5C8D66F51AA}.Release|Any CPU.Build.0 = Release|Any CPU
		{AF1E4502-ECEF-440D-BAAF-B5C8D66F51AA}.Release|Any CPU.Deploy.0 = Release|Any CPU
	EndGlobalSection
	GlobalSection(SolutionProperties) = preSolution
		HideSolutionNode = FALSE
	EndGlobalSection
	GlobalSection(ExtensibilityGlobals) = postSolution
		SolutionGuid = {85B6B3E8-22F5-410D-9141-EA433E4D1125}
	EndGlobalSection
EndGlobal
